{
    "version": 3,
    "terraform_version": "0.11.7",
    "serial": 54,
    "lineage": "c7b1d87b-b194-4406-0214-dcda2f701944",
    "modules": [
        {
            "path": [
                "root"
            ],
            "outputs": {
                "Nat_Instance_Public_ip": {
                    "sensitive": false,
                    "type": "list",
                    "value": [
                        "34.234.223.178"
                    ]
                },
                "Private_Instance_Private_ip": {
                    "sensitive": false,
                    "type": "list",
                    "value": [
                        "154.132.3.38"
                    ]
                },
                "Public_Instance_Public_ip": {
                    "sensitive": false,
                    "type": "list",
                    "value": [
                        "54.86.196.168"
                    ]
                },
                "Public_Instance_id": {
                    "sensitive": false,
                    "type": "list",
                    "value": [
                        "i-0e3bdc5f81bc1e7fc"
                    ]
                }
            },
            "resources": {
                "aws_security_group.wu_sg": {
                    "type": "aws_security_group",
                    "depends_on": [
                        "aws_vpc.myvpc"
                    ],
                    "primary": {
                        "id": "sg-06d36cfece7b03166",
                        "attributes": {
                            "arn": "arn:aws:ec2:us-east-1:115935572748:security-group/sg-06d36cfece7b03166",
                            "description": "Allow all traffic",
                            "egress.#": "1",
                            "egress.482069346.cidr_blocks.#": "1",
                            "egress.482069346.cidr_blocks.0": "0.0.0.0/0",
                            "egress.482069346.description": "",
                            "egress.482069346.from_port": "0",
                            "egress.482069346.ipv6_cidr_blocks.#": "0",
                            "egress.482069346.prefix_list_ids.#": "0",
                            "egress.482069346.protocol": "-1",
                            "egress.482069346.security_groups.#": "0",
                            "egress.482069346.self": "false",
                            "egress.482069346.to_port": "0",
                            "id": "sg-06d36cfece7b03166",
                            "ingress.#": "1",
                            "ingress.482069346.cidr_blocks.#": "1",
                            "ingress.482069346.cidr_blocks.0": "0.0.0.0/0",
                            "ingress.482069346.description": "",
                            "ingress.482069346.from_port": "0",
                            "ingress.482069346.ipv6_cidr_blocks.#": "0",
                            "ingress.482069346.prefix_list_ids.#": "0",
                            "ingress.482069346.protocol": "-1",
                            "ingress.482069346.security_groups.#": "0",
                            "ingress.482069346.self": "false",
                            "ingress.482069346.to_port": "0",
                            "name": "alloew_all_traffic",
                            "owner_id": "115935572748",
                            "revoke_rules_on_delete": "false",
                            "tags.%": "0",
                            "vpc_id": "vpc-02f5a7f78ec97ff18"
                        },
                        "meta": {
                            "e2bfb730-ecaa-11e6-8f88-34363bc7c4c0": {
                                "create": 600000000000,
                                "delete": 600000000000
                            },
                            "schema_version": "1"
                        },
                        "tainted": false
                    },
                    "deposed": [],
                    "provider": "provider.aws"
                },
                "aws_subnet.subnet1.0": {
                    "type": "aws_subnet",
                    "depends_on": [
                        "aws_vpc.myvpc",
                        "data.aws_availability_zones.available"
                    ],
                    "primary": {
                        "id": "subnet-0f57039883c542b4c",
                        "attributes": {
                            "arn": "arn:aws:ec2:us-east-1:115935572748:subnet/subnet-0f57039883c542b4c",
                            "assign_ipv6_address_on_creation": "false",
                            "availability_zone": "us-east-1a",
                            "cidr_block": "154.132.1.0/25",
                            "id": "subnet-0f57039883c542b4c",
                            "map_public_ip_on_launch": "false",
                            "tags.%": "1",
                            "tags.Name": "Public_Subnet-1",
                            "vpc_id": "vpc-02f5a7f78ec97ff18"
                        },
                        "meta": {
                            "e2bfb730-ecaa-11e6-8f88-34363bc7c4c0": {
                                "create": 600000000000,
                                "delete": 600000000000
                            },
                            "schema_version": "1"
                        },
                        "tainted": false
                    },
                    "deposed": [],
                    "provider": "provider.aws"
                },
                "aws_subnet.subnet1.1": {
                    "type": "aws_subnet",
                    "depends_on": [
                        "aws_vpc.myvpc",
                        "data.aws_availability_zones.available"
                    ],
                    "primary": {
                        "id": "subnet-0a5b79dd4ab4bcaf8",
                        "attributes": {
                            "arn": "arn:aws:ec2:us-east-1:115935572748:subnet/subnet-0a5b79dd4ab4bcaf8",
                            "assign_ipv6_address_on_creation": "false",
                            "availability_zone": "us-east-1b",
                            "cidr_block": "154.132.2.0/25",
                            "id": "subnet-0a5b79dd4ab4bcaf8",
                            "map_public_ip_on_launch": "false",
                            "tags.%": "1",
                            "tags.Name": "Public_Subnet-2",
                            "vpc_id": "vpc-02f5a7f78ec97ff18"
                        },
                        "meta": {
                            "e2bfb730-ecaa-11e6-8f88-34363bc7c4c0": {
                                "create": 600000000000,
                                "delete": 600000000000
                            },
                            "schema_version": "1"
                        },
                        "tainted": false
                    },
                    "deposed": [],
                    "provider": "provider.aws"
                },
                "aws_vpc.myvpc": {
                    "type": "aws_vpc",
                    "depends_on": [],
                    "primary": {
                        "id": "vpc-02f5a7f78ec97ff18",
                        "attributes": {
                            "arn": "arn:aws:ec2:us-east-1:115935572748:vpc/vpc-02f5a7f78ec97ff18",
                            "assign_generated_ipv6_cidr_block": "false",
                            "cidr_block": "154.132.0.0/16",
                            "default_network_acl_id": "acl-01a9e917dc99878b9",
                            "default_route_table_id": "rtb-0366af60650b29923",
                            "default_security_group_id": "sg-0a58dfa17e1f67240",
                            "dhcp_options_id": "dopt-3c2d5f47",
                            "enable_classiclink": "false",
                            "enable_classiclink_dns_support": "false",
                            "enable_dns_hostnames": "false",
                            "enable_dns_support": "true",
                            "id": "vpc-02f5a7f78ec97ff18",
                            "instance_tenancy": "default",
                            "main_route_table_id": "rtb-0366af60650b29923",
                            "tags.%": "1",
                            "tags.Name": "WU_vpc"
                        },
                        "meta": {
                            "schema_version": "1"
                        },
                        "tainted": false
                    },
                    "deposed": [],
                    "provider": "provider.aws"
                },
                "data.aws_availability_zones.available": {
                    "type": "aws_availability_zones",
                    "depends_on": [],
                    "primary": {
                        "id": "2018-11-06 03:03:11.3796748 +0000 UTC",
                        "attributes": {
                            "id": "2018-11-06 03:03:11.3796748 +0000 UTC",
                            "names.#": "6",
                            "names.0": "us-east-1a",
                            "names.1": "us-east-1b",
                            "names.2": "us-east-1c",
                            "names.3": "us-east-1d",
                            "names.4": "us-east-1e",
                            "names.5": "us-east-1f"
                        },
                        "meta": {},
                        "tainted": false
                    },
                    "deposed": [],
                    "provider": "provider.aws"
                }
            },
            "depends_on": []
        }
    ]
}
