{
    "version": 3,
    "terraform_version": "0.11.7",
    "serial": 65,
    "lineage": "c7b1d87b-b194-4406-0214-dcda2f701944",
    "modules": [
        {
            "path": [
                "root"
            ],
            "outputs": {
                "ELB_DNS": {
                    "sensitive": false,
                    "type": "list",
                    "value": [
                        "apache-elb-2123725356.us-east-1.elb.amazonaws.com"
                    ]
                },
                "Public_Instance_Public_ip": {
                    "sensitive": false,
                    "type": "list",
                    "value": [
                        "35.175.205.238",
                        "34.201.23.82"
                    ]
                },
                "Public_Instance_id": {
                    "sensitive": false,
                    "type": "list",
                    "value": [
                        "i-0135b1c72a6959f6e",
                        "i-00a61ec980ca0dd64"
                    ]
                }
            },
            "resources": {
                "aws_default_route_table.drt": {
                    "type": "aws_default_route_table",
                    "depends_on": [
                        "aws_internet_gateway.igw",
                        "aws_vpc.myvpc"
                    ],
                    "primary": {
                        "id": "rtb-011a1e7533fbb9dac",
                        "attributes": {
                            "default_route_table_id": "rtb-011a1e7533fbb9dac",
                            "id": "rtb-011a1e7533fbb9dac",
                            "propagating_vgws.#": "0",
                            "route.#": "1",
                            "route.2707253224.cidr_block": "0.0.0.0/0",
                            "route.2707253224.egress_only_gateway_id": "",
                            "route.2707253224.gateway_id": "igw-0be413b6cf4104dd4",
                            "route.2707253224.instance_id": "",
                            "route.2707253224.ipv6_cidr_block": "",
                            "route.2707253224.nat_gateway_id": "",
                            "route.2707253224.network_interface_id": "",
                            "route.2707253224.vpc_peering_connection_id": "",
                            "tags.%": "1",
                            "tags.Name": "Default_RT_WU",
                            "vpc_id": "vpc-05df47d37eaba4b14"
                        },
                        "meta": {},
                        "tainted": false
                    },
                    "deposed": [],
                    "provider": "provider.aws"
                },
                "aws_elb.myelb": {
                    "type": "aws_elb",
                    "depends_on": [
                        "aws_instance.myinstance.*",
                        "aws_security_group.wu_sg.*",
                        "aws_subnet.subnet1.*"
                    ],
                    "primary": {
                        "id": "apache-elb",
                        "attributes": {
                            "access_logs.#": "0",
                            "arn": "arn:aws:elasticloadbalancing:us-east-1:115935572748:loadbalancer/apache-elb",
                            "availability_zones.#": "2",
                            "availability_zones.1305112097": "us-east-1b",
                            "availability_zones.3569565595": "us-east-1a",
                            "connection_draining": "true",
                            "connection_draining_timeout": "300",
                            "cross_zone_load_balancing": "true",
                            "dns_name": "apache-elb-2123725356.us-east-1.elb.amazonaws.com",
                            "health_check.#": "1",
                            "health_check.0.healthy_threshold": "2",
                            "health_check.0.interval": "10",
                            "health_check.0.target": "HTTP:80/index.html",
                            "health_check.0.timeout": "3",
                            "health_check.0.unhealthy_threshold": "2",
                            "id": "apache-elb",
                            "idle_timeout": "400",
                            "instances.#": "2",
                            "instances.220124575": "i-00a61ec980ca0dd64",
                            "instances.520218182": "i-0135b1c72a6959f6e",
                            "internal": "false",
                            "listener.#": "1",
                            "listener.3057123346.instance_port": "80",
                            "listener.3057123346.instance_protocol": "http",
                            "listener.3057123346.lb_port": "80",
                            "listener.3057123346.lb_protocol": "http",
                            "listener.3057123346.ssl_certificate_id": "",
                            "name": "apache-elb",
                            "security_groups.#": "1",
                            "security_groups.3692840216": "sg-0d4ab37b164db118d",
                            "source_security_group": "115935572748/alloew_all_traffic",
                            "source_security_group_id": "sg-0d4ab37b164db118d",
                            "subnets.#": "2",
                            "subnets.175943008": "subnet-055eef8c74d962c32",
                            "subnets.3808332050": "subnet-0bd79cfeaf12655a7",
                            "tags.%": "1",
                            "tags.Name": "my-elb",
                            "zone_id": "Z35SXDOTRQ7X7K"
                        },
                        "meta": {},
                        "tainted": false
                    },
                    "deposed": [],
                    "provider": "provider.aws"
                },
                "aws_instance.myinstance.0": {
                    "type": "aws_instance",
                    "depends_on": [
                        "aws_security_group.wu_sg",
                        "aws_subnet.subnet1.*"
                    ],
                    "primary": {
                        "id": "i-0135b1c72a6959f6e",
                        "attributes": {
                            "ami": "ami-0ff8a91507f77f867",
                            "arn": "arn:aws:ec2:us-east-1:115935572748:instance/i-0135b1c72a6959f6e",
                            "associate_public_ip_address": "true",
                            "availability_zone": "us-east-1a",
                            "cpu_core_count": "1",
                            "cpu_threads_per_core": "1",
                            "credit_specification.#": "1",
                            "credit_specification.0.cpu_credits": "standard",
                            "disable_api_termination": "false",
                            "ebs_block_device.#": "0",
                            "ebs_optimized": "false",
                            "ephemeral_block_device.#": "0",
                            "get_password_data": "false",
                            "iam_instance_profile": "",
                            "id": "i-0135b1c72a6959f6e",
                            "instance_state": "running",
                            "instance_type": "t2.micro",
                            "ipv6_addresses.#": "0",
                            "key_name": "nvergenia",
                            "monitoring": "false",
                            "network_interface.#": "0",
                            "network_interface_id": "eni-0637d9dad49b9dc84",
                            "password_data": "",
                            "placement_group": "",
                            "primary_network_interface_id": "eni-0637d9dad49b9dc84",
                            "private_dns": "ip-154-132-1-105.ec2.internal",
                            "private_ip": "154.132.1.105",
                            "public_dns": "",
                            "public_ip": "35.175.205.238",
                            "root_block_device.#": "1",
                            "root_block_device.0.delete_on_termination": "true",
                            "root_block_device.0.iops": "100",
                            "root_block_device.0.volume_id": "vol-0469ad1b8ce20eef2",
                            "root_block_device.0.volume_size": "8",
                            "root_block_device.0.volume_type": "gp2",
                            "security_groups.#": "0",
                            "source_dest_check": "true",
                            "subnet_id": "subnet-0bd79cfeaf12655a7",
                            "tags.%": "1",
                            "tags.Name": "Public_Server-1",
                            "tenancy": "default",
                            "user_data": "7e5d4089d0a21d9a8caa6432eaaace7f51800dca",
                            "volume_tags.%": "0",
                            "vpc_security_group_ids.#": "1",
                            "vpc_security_group_ids.3692840216": "sg-0d4ab37b164db118d"
                        },
                        "meta": {
                            "e2bfb730-ecaa-11e6-8f88-34363bc7c4c0": {
                                "create": 600000000000,
                                "delete": 1200000000000,
                                "update": 600000000000
                            },
                            "schema_version": "1"
                        },
                        "tainted": false
                    },
                    "deposed": [],
                    "provider": "provider.aws"
                },
                "aws_instance.myinstance.1": {
                    "type": "aws_instance",
                    "depends_on": [
                        "aws_security_group.wu_sg",
                        "aws_subnet.subnet1.*"
                    ],
                    "primary": {
                        "id": "i-00a61ec980ca0dd64",
                        "attributes": {
                            "ami": "ami-0ff8a91507f77f867",
                            "arn": "arn:aws:ec2:us-east-1:115935572748:instance/i-00a61ec980ca0dd64",
                            "associate_public_ip_address": "true",
                            "availability_zone": "us-east-1b",
                            "cpu_core_count": "1",
                            "cpu_threads_per_core": "1",
                            "credit_specification.#": "1",
                            "credit_specification.0.cpu_credits": "standard",
                            "disable_api_termination": "false",
                            "ebs_block_device.#": "0",
                            "ebs_optimized": "false",
                            "ephemeral_block_device.#": "0",
                            "get_password_data": "false",
                            "iam_instance_profile": "",
                            "id": "i-00a61ec980ca0dd64",
                            "instance_state": "running",
                            "instance_type": "t2.micro",
                            "ipv6_addresses.#": "0",
                            "key_name": "nvergenia",
                            "monitoring": "false",
                            "network_interface.#": "0",
                            "network_interface_id": "eni-03fed4664e96d30e5",
                            "password_data": "",
                            "placement_group": "",
                            "primary_network_interface_id": "eni-03fed4664e96d30e5",
                            "private_dns": "ip-154-132-2-118.ec2.internal",
                            "private_ip": "154.132.2.118",
                            "public_dns": "",
                            "public_ip": "34.201.23.82",
                            "root_block_device.#": "1",
                            "root_block_device.0.delete_on_termination": "true",
                            "root_block_device.0.iops": "100",
                            "root_block_device.0.volume_id": "vol-0bfa43928ecf8bc45",
                            "root_block_device.0.volume_size": "8",
                            "root_block_device.0.volume_type": "gp2",
                            "security_groups.#": "0",
                            "source_dest_check": "true",
                            "subnet_id": "subnet-055eef8c74d962c32",
                            "tags.%": "1",
                            "tags.Name": "Public_Server-2",
                            "tenancy": "default",
                            "user_data": "7e5d4089d0a21d9a8caa6432eaaace7f51800dca",
                            "volume_tags.%": "0",
                            "vpc_security_group_ids.#": "1",
                            "vpc_security_group_ids.3692840216": "sg-0d4ab37b164db118d"
                        },
                        "meta": {
                            "e2bfb730-ecaa-11e6-8f88-34363bc7c4c0": {
                                "create": 600000000000,
                                "delete": 1200000000000,
                                "update": 600000000000
                            },
                            "schema_version": "1"
                        },
                        "tainted": false
                    },
                    "deposed": [],
                    "provider": "provider.aws"
                },
                "aws_internet_gateway.igw": {
                    "type": "aws_internet_gateway",
                    "depends_on": [
                        "aws_vpc.myvpc"
                    ],
                    "primary": {
                        "id": "igw-0be413b6cf4104dd4",
                        "attributes": {
                            "id": "igw-0be413b6cf4104dd4",
                            "tags.%": "1",
                            "tags.Name": "WU_IGW",
                            "vpc_id": "vpc-05df47d37eaba4b14"
                        },
                        "meta": {},
                        "tainted": false
                    },
                    "deposed": [],
                    "provider": "provider.aws"
                },
                "aws_security_group.wu_sg": {
                    "type": "aws_security_group",
                    "depends_on": [
                        "aws_vpc.myvpc"
                    ],
                    "primary": {
                        "id": "sg-0d4ab37b164db118d",
                        "attributes": {
                            "arn": "arn:aws:ec2:us-east-1:115935572748:security-group/sg-0d4ab37b164db118d",
                            "description": "Allow all traffic",
                            "egress.#": "1",
                            "egress.482069346.cidr_blocks.#": "1",
                            "egress.482069346.cidr_blocks.0": "0.0.0.0/0",
                            "egress.482069346.description": "",
                            "egress.482069346.from_port": "0",
                            "egress.482069346.ipv6_cidr_blocks.#": "0",
                            "egress.482069346.prefix_list_ids.#": "0",
                            "egress.482069346.protocol": "-1",
                            "egress.482069346.security_groups.#": "0",
                            "egress.482069346.self": "false",
                            "egress.482069346.to_port": "0",
                            "id": "sg-0d4ab37b164db118d",
                            "ingress.#": "1",
                            "ingress.482069346.cidr_blocks.#": "1",
                            "ingress.482069346.cidr_blocks.0": "0.0.0.0/0",
                            "ingress.482069346.description": "",
                            "ingress.482069346.from_port": "0",
                            "ingress.482069346.ipv6_cidr_blocks.#": "0",
                            "ingress.482069346.prefix_list_ids.#": "0",
                            "ingress.482069346.protocol": "-1",
                            "ingress.482069346.security_groups.#": "0",
                            "ingress.482069346.self": "false",
                            "ingress.482069346.to_port": "0",
                            "name": "alloew_all_traffic",
                            "owner_id": "115935572748",
                            "revoke_rules_on_delete": "false",
                            "tags.%": "0",
                            "vpc_id": "vpc-05df47d37eaba4b14"
                        },
                        "meta": {
                            "e2bfb730-ecaa-11e6-8f88-34363bc7c4c0": {
                                "create": 600000000000,
                                "delete": 600000000000
                            },
                            "schema_version": "1"
                        },
                        "tainted": false
                    },
                    "deposed": [],
                    "provider": "provider.aws"
                },
                "aws_subnet.subnet1.0": {
                    "type": "aws_subnet",
                    "depends_on": [
                        "aws_vpc.myvpc",
                        "data.aws_availability_zones.available"
                    ],
                    "primary": {
                        "id": "subnet-0bd79cfeaf12655a7",
                        "attributes": {
                            "arn": "arn:aws:ec2:us-east-1:115935572748:subnet/subnet-0bd79cfeaf12655a7",
                            "assign_ipv6_address_on_creation": "false",
                            "availability_zone": "us-east-1a",
                            "cidr_block": "154.132.1.0/25",
                            "id": "subnet-0bd79cfeaf12655a7",
                            "map_public_ip_on_launch": "false",
                            "tags.%": "1",
                            "tags.Name": "Public_Subnet-1",
                            "vpc_id": "vpc-05df47d37eaba4b14"
                        },
                        "meta": {
                            "e2bfb730-ecaa-11e6-8f88-34363bc7c4c0": {
                                "create": 600000000000,
                                "delete": 600000000000
                            },
                            "schema_version": "1"
                        },
                        "tainted": false
                    },
                    "deposed": [],
                    "provider": "provider.aws"
                },
                "aws_subnet.subnet1.1": {
                    "type": "aws_subnet",
                    "depends_on": [
                        "aws_vpc.myvpc",
                        "data.aws_availability_zones.available"
                    ],
                    "primary": {
                        "id": "subnet-055eef8c74d962c32",
                        "attributes": {
                            "arn": "arn:aws:ec2:us-east-1:115935572748:subnet/subnet-055eef8c74d962c32",
                            "assign_ipv6_address_on_creation": "false",
                            "availability_zone": "us-east-1b",
                            "cidr_block": "154.132.2.0/25",
                            "id": "subnet-055eef8c74d962c32",
                            "map_public_ip_on_launch": "false",
                            "tags.%": "1",
                            "tags.Name": "Public_Subnet-2",
                            "vpc_id": "vpc-05df47d37eaba4b14"
                        },
                        "meta": {
                            "e2bfb730-ecaa-11e6-8f88-34363bc7c4c0": {
                                "create": 600000000000,
                                "delete": 600000000000
                            },
                            "schema_version": "1"
                        },
                        "tainted": false
                    },
                    "deposed": [],
                    "provider": "provider.aws"
                },
                "aws_vpc.myvpc": {
                    "type": "aws_vpc",
                    "depends_on": [],
                    "primary": {
                        "id": "vpc-05df47d37eaba4b14",
                        "attributes": {
                            "arn": "arn:aws:ec2:us-east-1:115935572748:vpc/vpc-05df47d37eaba4b14",
                            "assign_generated_ipv6_cidr_block": "false",
                            "cidr_block": "154.132.0.0/16",
                            "default_network_acl_id": "acl-06d614865ae71f05c",
                            "default_route_table_id": "rtb-011a1e7533fbb9dac",
                            "default_security_group_id": "sg-0cf464f21005a9a62",
                            "dhcp_options_id": "dopt-3c2d5f47",
                            "enable_classiclink": "false",
                            "enable_classiclink_dns_support": "false",
                            "enable_dns_hostnames": "false",
                            "enable_dns_support": "true",
                            "id": "vpc-05df47d37eaba4b14",
                            "instance_tenancy": "default",
                            "main_route_table_id": "rtb-011a1e7533fbb9dac",
                            "tags.%": "1",
                            "tags.Name": "WU_vpc"
                        },
                        "meta": {
                            "schema_version": "1"
                        },
                        "tainted": false
                    },
                    "deposed": [],
                    "provider": "provider.aws"
                },
                "data.aws_availability_zones.available": {
                    "type": "aws_availability_zones",
                    "depends_on": [],
                    "primary": {
                        "id": "2018-11-08 02:33:05.7313338 +0000 UTC",
                        "attributes": {
                            "id": "2018-11-08 02:33:05.7313338 +0000 UTC",
                            "names.#": "6",
                            "names.0": "us-east-1a",
                            "names.1": "us-east-1b",
                            "names.2": "us-east-1c",
                            "names.3": "us-east-1d",
                            "names.4": "us-east-1e",
                            "names.5": "us-east-1f"
                        },
                        "meta": {},
                        "tainted": false
                    },
                    "deposed": [],
                    "provider": "provider.aws"
                }
            },
            "depends_on": []
        }
    ]
}
